
Microsoft Visual Studio Solution File, Format Version 12.00
# Visual Studio 15
VisualStudioVersion = 15.0.28307.1022
MinimumVisualStudioVersion = 10.0.40219.1
Project("{9A19103F-16F7-4668-BE54-9A1E7A4F7556}") = "DatingApp.API", "DatingApp.API\DatingApp.API.csproj", "{FD6345D5-DC26-4C1D-A0E4-61EB906C43D8}"
EndProject
Global
	GlobalSection(SolutionConfigurationPlatforms) = preSolution
		Debug|Any CPU = Debug|Any CPU
		Release|Any CPU = Release|Any CPU
	EndGlobalSection
	GlobalSection(ProjectConfigurationPlatforms) = postSolution
		{FD6345D5-DC26-4C1D-A0E4-61EB906C43D8}.Debug|Any CPU.ActiveCfg = Debug|Any CPU
		{FD6345D5-DC26-4C1D-A0E4-61EB906C43D8}.Debug|Any CPU.Build.0 = Debug|Any CPU
		{FD6345D5-DC26-4C1D-A0E4-61EB906C43D8}.Release|Any CPU.ActiveCfg = Release|Any CPU
		{FD6345D5-DC26-4C1D-A0E4-61EB906C43D8}.Release|Any CPU.Build.0 = Release|Any CPU
	EndGlobalSection
	GlobalSection(SolutionProperties) = preSolution
		HideSolutionNode = FALSE
	EndGlobalSection
	GlobalSection(ExtensibilityGlobals) = postSolution
		SolutionGuid = {E1D63EBA-48A0-4FE6-99C5-00D06F2F81C1}
	EndGlobalSection
EndGlobal
